
Microsoft Visual Studio Solution File, Format Version 12.00
# Visual Studio Version 16
VisualStudioVersion = 16.0.29326.143
MinimumVisualStudioVersion = 10.0.40219.1
Project("{FAE04EC0-301F-11D3-BF4B-00C04F79EFBC}") = "WebAPI", "WebAPI\WebAPI.csproj", "{B256020B-7374-4BF8-A11B-FA44266CEF3A}"
EndProject
Project("{FAE04EC0-301F-11D3-BF4B-00C04F79EFBC}") = "GSlateDataAccess", "GSlateDataAccess\GSlateDataAccess.csproj", "{88B2FD7A-F003-4B46-BFA0-284AA9FFCD27}"
EndProject
Project("{FAE04EC0-301F-11D3-BF4B-00C04F79EFBC}") = "WebApp", "WebApp\WebApp.csproj", "{43A0F6BD-8362-490C-AC93-EA8714CD7C10}"
EndProject
Global
	GlobalSection(SolutionConfigurationPlatforms) = preSolution
		Debug|Any CPU = Debug|Any CPU
		Release|Any CPU = Release|Any CPU
	EndGlobalSection
	GlobalSection(ProjectConfigurationPlatforms) = postSolution
		{B256020B-7374-4BF8-A11B-FA44266CEF3A}.Debug|Any CPU.ActiveCfg = Debug|Any CPU
		{B256020B-7374-4BF8-A11B-FA44266CEF3A}.Debug|Any CPU.Build.0 = Debug|Any CPU
		{B256020B-7374-4BF8-A11B-FA44266CEF3A}.Release|Any CPU.ActiveCfg = Release|Any CPU
		{B256020B-7374-4BF8-A11B-FA44266CEF3A}.Release|Any CPU.Build.0 = Release|Any CPU
		{88B2FD7A-F003-4B46-BFA0-284AA9FFCD27}.Debug|Any CPU.ActiveCfg = Debug|Any CPU
		{88B2FD7A-F003-4B46-BFA0-284AA9FFCD27}.Debug|Any CPU.Build.0 = Debug|Any CPU
		{88B2FD7A-F003-4B46-BFA0-284AA9FFCD27}.Release|Any CPU.ActiveCfg = Release|Any CPU
		{88B2FD7A-F003-4B46-BFA0-284AA9FFCD27}.Release|Any CPU.Build.0 = Release|Any CPU
		{43A0F6BD-8362-490C-AC93-EA8714CD7C10}.Debug|Any CPU.ActiveCfg = Debug|Any CPU
		{43A0F6BD-8362-490C-AC93-EA8714CD7C10}.Debug|Any CPU.Build.0 = Debug|Any CPU
		{43A0F6BD-8362-490C-AC93-EA8714CD7C10}.Release|Any CPU.ActiveCfg = Release|Any CPU
		{43A0F6BD-8362-490C-AC93-EA8714CD7C10}.Release|Any CPU.Build.0 = Release|Any CPU
	EndGlobalSection
	GlobalSection(SolutionProperties) = preSolution
		HideSolutionNode = FALSE
	EndGlobalSection
	GlobalSection(ExtensibilityGlobals) = postSolution
		SolutionGuid = {E90B63CA-EAFB-4D46-917A-D181548A53D0}
	EndGlobalSection
EndGlobal
